// !$*UTF8*$!
{
	archiveVersion = 1;
	classes = {
	};
	objectVersion = 50;
	objects = {

/* Begin PBXBuildFile section */
		810D9D81218A568300606C06 /* AppDelegate.swift in Sources */ = {isa = PBXBuildFile; fileRef = 810D9D80218A568300606C06 /* AppDelegate.swift */; };
		810D9D83218A568300606C06 /* ArticleFeedVC.swift in Sources */ = {isa = PBXBuildFile; fileRef = 810D9D82218A568300606C06 /* ArticleFeedVC.swift */; };
		810D9D86218A568300606C06 /* Main.storyboard in Resources */ = {isa = PBXBuildFile; fileRef = 810D9D84218A568300606C06 /* Main.storyboard */; };
		810D9D88218A568400606C06 /* Assets.xcassets in Resources */ = {isa = PBXBuildFile; fileRef = 810D9D87218A568400606C06 /* Assets.xcassets */; };
		810D9D8B218A568400606C06 /* LaunchScreen.storyboard in Resources */ = {isa = PBXBuildFile; fileRef = 810D9D89218A568400606C06 /* LaunchScreen.storyboard */; };
		810D9D96218A568400606C06 /* Grailed_ExerciseTests.swift in Sources */ = {isa = PBXBuildFile; fileRef = 810D9D95218A568400606C06 /* Grailed_ExerciseTests.swift */; };
		810D9DA1218A568400606C06 /* Grailed_ExerciseUITests.swift in Sources */ = {isa = PBXBuildFile; fileRef = 810D9DA0218A568400606C06 /* Grailed_ExerciseUITests.swift */; };
		810D9DB2218A572800606C06 /* ArticleDetailVC.swift in Sources */ = {isa = PBXBuildFile; fileRef = 810D9DB1218A572800606C06 /* ArticleDetailVC.swift */; };
		810D9DB7218A575200606C06 /* Article.swift in Sources */ = {isa = PBXBuildFile; fileRef = 810D9DB4218A575200606C06 /* Article.swift */; };
		810D9DB8218A575200606C06 /* AppError.swift in Sources */ = {isa = PBXBuildFile; fileRef = 810D9DB5218A575200606C06 /* AppError.swift */; };
		810D9DC0218A577A00606C06 /* ImageAPIClient.swift in Sources */ = {isa = PBXBuildFile; fileRef = 810D9DBC218A577A00606C06 /* ImageAPIClient.swift */; };
		810D9DC1218A577A00606C06 /* NetworkHelper.swift in Sources */ = {isa = PBXBuildFile; fileRef = 810D9DBD218A577A00606C06 /* NetworkHelper.swift */; };
		810D9DC2218A577A00606C06 /* ArticleAPIClient .swift in Sources */ = {isa = PBXBuildFile; fileRef = 810D9DBE218A577A00606C06 /* ArticleAPIClient .swift */; };
		810D9DC4218A692700606C06 /* ArticleCell.swift in Sources */ = {isa = PBXBuildFile; fileRef = 810D9DC3218A692700606C06 /* ArticleCell.swift */; };
		810D9DC8218BB02200606C06 /* DateFormatHelper.swift in Sources */ = {isa = PBXBuildFile; fileRef = 810D9DC7218BB02200606C06 /* DateFormatHelper.swift */; };
/* End PBXBuildFile section */

/* Begin PBXContainerItemProxy section */
		810D9D92218A568400606C06 /* PBXContainerItemProxy */ = {
			isa = PBXContainerItemProxy;
			containerPortal = 810D9D75218A568300606C06 /* Project object */;
			proxyType = 1;
			remoteGlobalIDString = 810D9D7C218A568300606C06;
			remoteInfo = Grailed_Exercise;
		};
		810D9D9D218A568400606C06 /* PBXContainerItemProxy */ = {
			isa = PBXContainerItemProxy;
			containerPortal = 810D9D75218A568300606C06 /* Project object */;
			proxyType = 1;
			remoteGlobalIDString = 810D9D7C218A568300606C06;
			remoteInfo = Grailed_Exercise;
		};
/* End PBXContainerItemProxy section */

/* Begin PBXFileReference section */
		810D9D7D218A568300606C06 /* Grailed_Exercise.app */ = {isa = PBXFileReference; explicitFileType = wrapper.application; includeInIndex = 0; path = Grailed_Exercise.app; sourceTree = BUILT_PRODUCTS_DIR; };
		810D9D80218A568300606C06 /* AppDelegate.swift */ = {isa = PBXFileReference; lastKnownFileType = sourcecode.swift; path = AppDelegate.swift; sourceTree = "<group>"; };
		810D9D82218A568300606C06 /* ArticleFeedVC.swift */ = {isa = PBXFileReference; lastKnownFileType = sourcecode.swift; path = ArticleFeedVC.swift; sourceTree = "<group>"; };
		810D9D85218A568300606C06 /* Base */ = {isa = PBXFileReference; lastKnownFileType = file.storyboard; name = Base; path = Base.lproj/Main.storyboard; sourceTree = "<group>"; };
		810D9D87218A568400606C06 /* Assets.xcassets */ = {isa = PBXFileReference; lastKnownFileType = folder.assetcatalog; path = Assets.xcassets; sourceTree = "<group>"; };
		810D9D8A218A568400606C06 /* Base */ = {isa = PBXFileReference; lastKnownFileType = file.storyboard; name = Base; path = Base.lproj/LaunchScreen.storyboard; sourceTree = "<group>"; };
		810D9D8C218A568400606C06 /* Info.plist */ = {isa = PBXFileReference; lastKnownFileType = text.plist.xml; path = Info.plist; sourceTree = "<group>"; };
		810D9D91218A568400606C06 /* Grailed_ExerciseTests.xctest */ = {isa = PBXFileReference; explicitFileType = wrapper.cfbundle; includeInIndex = 0; path = Grailed_ExerciseTests.xctest; sourceTree = BUILT_PRODUCTS_DIR; };
		810D9D95218A568400606C06 /* Grailed_ExerciseTests.swift */ = {isa = PBXFileReference; lastKnownFileType = sourcecode.swift; path = Grailed_ExerciseTests.swift; sourceTree = "<group>"; };
		810D9D97218A568400606C06 /* Info.plist */ = {isa = PBXFileReference; lastKnownFileType = text.plist.xml; path = Info.plist; sourceTree = "<group>"; };
		810D9D9C218A568400606C06 /* Grailed_ExerciseUITests.xctest */ = {isa = PBXFileReference; explicitFileType = wrapper.cfbundle; includeInIndex = 0; path = Grailed_ExerciseUITests.xctest; sourceTree = BUILT_PRODUCTS_DIR; };
		810D9DA0218A568400606C06 /* Grailed_ExerciseUITests.swift */ = {isa = PBXFileReference; lastKnownFileType = sourcecode.swift; path = Grailed_ExerciseUITests.swift; sourceTree = "<group>"; };
		810D9DA2218A568400606C06 /* Info.plist */ = {isa = PBXFileReference; lastKnownFileType = text.plist.xml; path = Info.plist; sourceTree = "<group>"; };
		810D9DB1218A572800606C06 /* ArticleDetailVC.swift */ = {isa = PBXFileReference; lastKnownFileType = sourcecode.swift; path = ArticleDetailVC.swift; sourceTree = "<group>"; };
		810D9DB4218A575200606C06 /* Article.swift */ = {isa = PBXFileReference; fileEncoding = 4; lastKnownFileType = sourcecode.swift; path = Article.swift; sourceTree = "<group>"; };
		810D9DB5218A575200606C06 /* AppError.swift */ = {isa = PBXFileReference; fileEncoding = 4; lastKnownFileType = sourcecode.swift; path = AppError.swift; sourceTree = "<group>"; };
		810D9DBC218A577A00606C06 /* ImageAPIClient.swift */ = {isa = PBXFileReference; fileEncoding = 4; lastKnownFileType = sourcecode.swift; path = ImageAPIClient.swift; sourceTree = "<group>"; };
		810D9DBD218A577A00606C06 /* NetworkHelper.swift */ = {isa = PBXFileReference; fileEncoding = 4; lastKnownFileType = sourcecode.swift; path = NetworkHelper.swift; sourceTree = "<group>"; };
		810D9DBE218A577A00606C06 /* ArticleAPIClient .swift */ = {isa = PBXFileReference; fileEncoding = 4; lastKnownFileType = sourcecode.swift; path = "ArticleAPIClient .swift"; sourceTree = "<group>"; };
		810D9DC3218A692700606C06 /* ArticleCell.swift */ = {isa = PBXFileReference; lastKnownFileType = sourcecode.swift; path = ArticleCell.swift; sourceTree = "<group>"; };
		810D9DC7218BB02200606C06 /* DateFormatHelper.swift */ = {isa = PBXFileReference; lastKnownFileType = sourcecode.swift; path = DateFormatHelper.swift; sourceTree = "<group>"; };
/* End PBXFileReference section */

/* Begin PBXFrameworksBuildPhase section */
		810D9D7A218A568300606C06 /* Frameworks */ = {
			isa = PBXFrameworksBuildPhase;
			buildActionMask = 2147483647;
			files = (
			);
			runOnlyForDeploymentPostprocessing = 0;
		};
		810D9D8E218A568400606C06 /* Frameworks */ = {
			isa = PBXFrameworksBuildPhase;
			buildActionMask = 2147483647;
			files = (
			);
			runOnlyForDeploymentPostprocessing = 0;
		};
		810D9D99218A568400606C06 /* Frameworks */ = {
			isa = PBXFrameworksBuildPhase;
			buildActionMask = 2147483647;
			files = (
			);
			runOnlyForDeploymentPostprocessing = 0;
		};
/* End PBXFrameworksBuildPhase section */

/* Begin PBXGroup section */
		810D9D74218A568300606C06 = {
			isa = PBXGroup;
			children = (
				810D9D7F218A568300606C06 /* Grailed_Exercise */,
				810D9D94218A568400606C06 /* Grailed_ExerciseTests */,
				810D9D9F218A568400606C06 /* Grailed_ExerciseUITests */,
				810D9D7E218A568300606C06 /* Products */,
			);
			sourceTree = "<group>";
		};
		810D9D7E218A568300606C06 /* Products */ = {
			isa = PBXGroup;
			children = (
				810D9D7D218A568300606C06 /* Grailed_Exercise.app */,
				810D9D91218A568400606C06 /* Grailed_ExerciseTests.xctest */,
				810D9D9C218A568400606C06 /* Grailed_ExerciseUITests.xctest */,
			);
			name = Products;
			sourceTree = "<group>";
		};
		810D9D7F218A568300606C06 /* Grailed_Exercise */ = {
			isa = PBXGroup;
			children = (
				810D9DB3218A573B00606C06 /* Models */,
				810D9DB0218A56C100606C06 /* Views */,
				810D9DAF218A56B300606C06 /* Controllers */,
				810D9DBA218A576200606C06 /* Services */,
				810D9DAE218A569200606C06 /* Supporting Files */,
				810D9D8C218A568400606C06 /* Info.plist */,
			);
			path = Grailed_Exercise;
			sourceTree = "<group>";
		};
		810D9D94218A568400606C06 /* Grailed_ExerciseTests */ = {
			isa = PBXGroup;
			children = (
				810D9D95218A568400606C06 /* Grailed_ExerciseTests.swift */,
				810D9D97218A568400606C06 /* Info.plist */,
			);
			path = Grailed_ExerciseTests;
			sourceTree = "<group>";
		};
		810D9D9F218A568400606C06 /* Grailed_ExerciseUITests */ = {
			isa = PBXGroup;
			children = (
				810D9DA0218A568400606C06 /* Grailed_ExerciseUITests.swift */,
				810D9DA2218A568400606C06 /* Info.plist */,
			);
			path = Grailed_ExerciseUITests;
			sourceTree = "<group>";
		};
		810D9DAE218A569200606C06 /* Supporting Files */ = {
			isa = PBXGroup;
			children = (
				810D9D87218A568400606C06 /* Assets.xcassets */,
				810D9D80218A568300606C06 /* AppDelegate.swift */,
			);
			path = "Supporting Files";
			sourceTree = "<group>";
		};
		810D9DAF218A56B300606C06 /* Controllers */ = {
			isa = PBXGroup;
			children = (
				810D9D82218A568300606C06 /* ArticleFeedVC.swift */,
				810D9DB1218A572800606C06 /* ArticleDetailVC.swift */,
			);
			path = Controllers;
			sourceTree = "<group>";
		};
		810D9DB0218A56C100606C06 /* Views */ = {
			isa = PBXGroup;
			children = (
				810D9D84218A568300606C06 /* Main.storyboard */,
				810D9D89218A568400606C06 /* LaunchScreen.storyboard */,
				810D9DC3218A692700606C06 /* ArticleCell.swift */,
			);
			path = Views;
			sourceTree = "<group>";
		};
		810D9DB3218A573B00606C06 /* Models */ = {
			isa = PBXGroup;
			children = (
				810D9DB5218A575200606C06 /* AppError.swift */,
				810D9DB4218A575200606C06 /* Article.swift */,
			);
			path = Models;
			sourceTree = "<group>";
		};
		810D9DBA218A576200606C06 /* Services */ = {
			isa = PBXGroup;
			children = (
				810D9DBD218A577A00606C06 /* NetworkHelper.swift */,
				810D9DBE218A577A00606C06 /* ArticleAPIClient .swift */,
				810D9DBC218A577A00606C06 /* ImageAPIClient.swift */,
				810D9DC7218BB02200606C06 /* DateFormatHelper.swift */,
			);
			path = Services;
			sourceTree = "<group>";
		};
/* End PBXGroup section */

/* Begin PBXNativeTarget section */
		810D9D7C218A568300606C06 /* Grailed_Exercise */ = {
			isa = PBXNativeTarget;
			buildConfigurationList = 810D9DA5218A568400606C06 /* Build configuration list for PBXNativeTarget "Grailed_Exercise" */;
			buildPhases = (
				810D9D79218A568300606C06 /* Sources */,
				810D9D7A218A568300606C06 /* Frameworks */,
				810D9D7B218A568300606C06 /* Resources */,
			);
			buildRules = (
			);
			dependencies = (
			);
			name = Grailed_Exercise;
			productName = Grailed_Exercise;
			productReference = 810D9D7D218A568300606C06 /* Grailed_Exercise.app */;
			productType = "com.apple.product-type.application";
		};
		810D9D90218A568400606C06 /* Grailed_ExerciseTests */ = {
			isa = PBXNativeTarget;
			buildConfigurationList = 810D9DA8218A568400606C06 /* Build configuration list for PBXNativeTarget "Grailed_ExerciseTests" */;
			buildPhases = (
				810D9D8D218A568400606C06 /* Sources */,
				810D9D8E218A568400606C06 /* Frameworks */,
				810D9D8F218A568400606C06 /* Resources */,
			);
			buildRules = (
			);
			dependencies = (
				810D9D93218A568400606C06 /* PBXTargetDependency */,
			);
			name = Grailed_ExerciseTests;
			productName = Grailed_ExerciseTests;
			productReference = 810D9D91218A568400606C06 /* Grailed_ExerciseTests.xctest */;
			productType = "com.apple.product-type.bundle.unit-test";
		};
		810D9D9B218A568400606C06 /* Grailed_ExerciseUITests */ = {
			isa = PBXNativeTarget;
			buildConfigurationList = 810D9DAB218A568400606C06 /* Build configuration list for PBXNativeTarget "Grailed_ExerciseUITests" */;
			buildPhases = (
				810D9D98218A568400606C06 /* Sources */,
				810D9D99218A568400606C06 /* Frameworks */,
				810D9D9A218A568400606C06 /* Resources */,
			);
			buildRules = (
			);
			dependencies = (
				810D9D9E218A568400606C06 /* PBXTargetDependency */,
			);
			name = Grailed_ExerciseUITests;
			productName = Grailed_ExerciseUITests;
			productReference = 810D9D9C218A568400606C06 /* Grailed_ExerciseUITests.xctest */;
			productType = "com.apple.product-type.bundle.ui-testing";
		};
/* End PBXNativeTarget section */

/* Begin PBXProject section */
		810D9D75218A568300606C06 /* Project object */ = {
			isa = PBXProject;
			attributes = {
				LastSwiftUpdateCheck = 1000;
				LastUpgradeCheck = 1000;
				ORGANIZATIONNAME = C4Q;
				TargetAttributes = {
					810D9D7C218A568300606C06 = {
						CreatedOnToolsVersion = 10.0;
					};
					810D9D90218A568400606C06 = {
						CreatedOnToolsVersion = 10.0;
						TestTargetID = 810D9D7C218A568300606C06;
					};
					810D9D9B218A568400606C06 = {
						CreatedOnToolsVersion = 10.0;
						TestTargetID = 810D9D7C218A568300606C06;
					};
				};
			};
			buildConfigurationList = 810D9D78218A568300606C06 /* Build configuration list for PBXProject "Grailed_Exercise" */;
			compatibilityVersion = "Xcode 9.3";
			developmentRegion = en;
			hasScannedForEncodings = 0;
			knownRegions = (
				en,
				Base,
			);
			mainGroup = 810D9D74218A568300606C06;
			productRefGroup = 810D9D7E218A568300606C06 /* Products */;
			projectDirPath = "";
			projectRoot = "";
			targets = (
				810D9D7C218A568300606C06 /* Grailed_Exercise */,
				810D9D90218A568400606C06 /* Grailed_ExerciseTests */,
				810D9D9B218A568400606C06 /* Grailed_ExerciseUITests */,
			);
		};
/* End PBXProject section */

/* Begin PBXResourcesBuildPhase section */
		810D9D7B218A568300606C06 /* Resources */ = {
			isa = PBXResourcesBuildPhase;
			buildActionMask = 2147483647;
			files = (
				810D9D8B218A568400606C06 /* LaunchScreen.storyboard in Resources */,
				810D9D88218A568400606C06 /* Assets.xcassets in Resources */,
				810D9D86218A568300606C06 /* Main.storyboard in Resources */,
			);
			runOnlyForDeploymentPostprocessing = 0;
		};
		810D9D8F218A568400606C06 /* Resources */ = {
			isa = PBXResourcesBuildPhase;
			buildActionMask = 2147483647;
			files = (
			);
			runOnlyForDeploymentPostprocessing = 0;
		};
		810D9D9A218A568400606C06 /* Resources */ = {
			isa = PBXResourcesBuildPhase;
			buildActionMask = 2147483647;
			files = (
			);
			runOnlyForDeploymentPostprocessing = 0;
		};
/* End PBXResourcesBuildPhase section */

/* Begin PBXSourcesBuildPhase section */
		810D9D79218A568300606C06 /* Sources */ = {
			isa = PBXSourcesBuildPhase;
			buildActionMask = 2147483647;
			files = (
				810D9DB7218A575200606C06 /* Article.swift in Sources */,
				810D9DC1218A577A00606C06 /* NetworkHelper.swift in Sources */,
				810D9DC0218A577A00606C06 /* ImageAPIClient.swift in Sources */,
				810D9DB2218A572800606C06 /* ArticleDetailVC.swift in Sources */,
				810D9DC4218A692700606C06 /* ArticleCell.swift in Sources */,
				810D9DB8218A575200606C06 /* AppError.swift in Sources */,
				810D9DC8218BB02200606C06 /* DateFormatHelper.swift in Sources */,
				810D9DC2218A577A00606C06 /* ArticleAPIClient .swift in Sources */,
				810D9D83218A568300606C06 /* ArticleFeedVC.swift in Sources */,
				810D9D81218A568300606C06 /* AppDelegate.swift in Sources */,
			);
			runOnlyForDeploymentPostprocessing = 0;
		};
		810D9D8D218A568400606C06 /* Sources */ = {
			isa = PBXSourcesBuildPhase;
			buildActionMask = 2147483647;
			files = (
				810D9D96218A568400606C06 /* Grailed_ExerciseTests.swift in Sources */,
			);
			runOnlyForDeploymentPostprocessing = 0;
		};
		810D9D98218A568400606C06 /* Sources */ = {
			isa = PBXSourcesBuildPhase;
			buildActionMask = 2147483647;
			files = (
				810D9DA1218A568400606C06 /* Grailed_ExerciseUITests.swift in Sources */,
			);
			runOnlyForDeploymentPostprocessing = 0;
		};
/* End PBXSourcesBuildPhase section */

/* Begin PBXTargetDependency section */
		810D9D93218A568400606C06 /* PBXTargetDependency */ = {
			isa = PBXTargetDependency;
			target = 810D9D7C218A568300606C06 /* Grailed_Exercise */;
			targetProxy = 810D9D92218A568400606C06 /* PBXContainerItemProxy */;
		};
		810D9D9E218A568400606C06 /* PBXTargetDependency */ = {
			isa = PBXTargetDependency;
			target = 810D9D7C218A568300606C06 /* Grailed_Exercise */;
			targetProxy = 810D9D9D218A568400606C06 /* PBXContainerItemProxy */;
		};
/* End PBXTargetDependency section */

/* Begin PBXVariantGroup section */
		810D9D84218A568300606C06 /* Main.storyboard */ = {
			isa = PBXVariantGroup;
			children = (
				810D9D85218A568300606C06 /* Base */,
			);
			name = Main.storyboard;
			sourceTree = "<group>";
		};
		810D9D89218A568400606C06 /* LaunchScreen.storyboard */ = {
			isa = PBXVariantGroup;
			children = (
				810D9D8A218A568400606C06 /* Base */,
			);
			name = LaunchScreen.storyboard;
			sourceTree = "<group>";
		};
/* End PBXVariantGroup section */

/* Begin XCBuildConfiguration section */
		810D9DA3218A568400606C06 /* Debug */ = {
			isa = XCBuildConfiguration;
			buildSettings = {
				ALWAYS_SEARCH_USER_PATHS = NO;
				CLANG_ANALYZER_NONNULL = YES;
				CLANG_ANALYZER_NUMBER_OBJECT_CONVERSION = YES_AGGRESSIVE;
				CLANG_CXX_LANGUAGE_STANDARD = "gnu++14";
				CLANG_CXX_LIBRARY = "libc++";
				CLANG_ENABLE_MODULES = YES;
				CLANG_ENABLE_OBJC_ARC = YES;
				CLANG_ENABLE_OBJC_WEAK = YES;
				CLANG_WARN_BLOCK_CAPTURE_AUTORELEASING = YES;
				CLANG_WARN_BOOL_CONVERSION = YES;
				CLANG_WARN_COMMA = YES;
				CLANG_WARN_CONSTANT_CONVERSION = YES;
				CLANG_WARN_DEPRECATED_OBJC_IMPLEMENTATIONS = YES;
				CLANG_WARN_DIRECT_OBJC_ISA_USAGE = YES_ERROR;
				CLANG_WARN_DOCUMENTATION_COMMENTS = YES;
				CLANG_WARN_EMPTY_BODY = YES;
				CLANG_WARN_ENUM_CONVERSION = YES;
				CLANG_WARN_INFINITE_RECURSION = YES;
				CLANG_WARN_INT_CONVERSION = YES;
				CLANG_WARN_NON_LITERAL_NULL_CONVERSION = YES;
				CLANG_WARN_OBJC_IMPLICIT_RETAIN_SELF = YES;
				CLANG_WARN_OBJC_LITERAL_CONVERSION = YES;
				CLANG_WARN_OBJC_ROOT_CLASS = YES_ERROR;
				CLANG_WARN_RANGE_LOOP_ANALYSIS = YES;
				CLANG_WARN_STRICT_PROTOTYPES = YES;
				CLANG_WARN_SUSPICIOUS_MOVE = YES;
				CLANG_WARN_UNGUARDED_AVAILABILITY = YES_AGGRESSIVE;
				CLANG_WARN_UNREACHABLE_CODE = YES;
				CLANG_WARN__DUPLICATE_METHOD_MATCH = YES;
				CODE_SIGN_IDENTITY = "iPhone Developer";
				COPY_PHASE_STRIP = NO;
				DEBUG_INFORMATION_FORMAT = dwarf;
				ENABLE_STRICT_OBJC_MSGSEND = YES;
				ENABLE_TESTABILITY = YES;
				GCC_C_LANGUAGE_STANDARD = gnu11;
				GCC_DYNAMIC_NO_PIC = NO;
				GCC_NO_COMMON_BLOCKS = YES;
				GCC_OPTIMIZATION_LEVEL = 0;
				GCC_PREPROCESSOR_DEFINITIONS = (
					"DEBUG=1",
					"$(inherited)",
				);
				GCC_WARN_64_TO_32_BIT_CONVERSION = YES;
				GCC_WARN_ABOUT_RETURN_TYPE = YES_ERROR;
				GCC_WARN_UNDECLARED_SELECTOR = YES;
				GCC_WARN_UNINITIALIZED_AUTOS = YES_AGGRESSIVE;
				GCC_WARN_UNUSED_FUNCTION = YES;
				GCC_WARN_UNUSED_VARIABLE = YES;
				IPHONEOS_DEPLOYMENT_TARGET = 12.0;
				MTL_ENABLE_DEBUG_INFO = INCLUDE_SOURCE;
				MTL_FAST_MATH = YES;
				ONLY_ACTIVE_ARCH = YES;
				SDKROOT = iphoneos;
				SWIFT_ACTIVE_COMPILATION_CONDITIONS = DEBUG;
				SWIFT_OPTIMIZATION_LEVEL = "-Onone";
			};
			name = Debug;
		};
		810D9DA4218A568400606C06 /* Release */ = {
			isa = XCBuildConfiguration;
			buildSettings = {
				ALWAYS_SEARCH_USER_PATHS = NO;
				CLANG_ANALYZER_NONNULL = YES;
				CLANG_ANALYZER_NUMBER_OBJECT_CONVERSION = YES_AGGRESSIVE;
				CLANG_CXX_LANGUAGE_STANDARD = "gnu++14";
				CLANG_CXX_LIBRARY = "libc++";
				CLANG_ENABLE_MODULES = YES;
				CLANG_ENABLE_OBJC_ARC = YES;
				CLANG_ENABLE_OBJC_WEAK = YES;
				CLANG_WARN_BLOCK_CAPTURE_AUTORELEASING = YES;
				CLANG_WARN_BOOL_CONVERSION = YES;
				CLANG_WARN_COMMA = YES;
				CLANG_WARN_CONSTANT_CONVERSION = YES;
				CLANG_WARN_DEPRECATED_OBJC_IMPLEMENTATIONS = YES;
				CLANG_WARN_DIRECT_OBJC_ISA_USAGE = YES_ERROR;
				CLANG_WARN_DOCUMENTATION_COMMENTS = YES;
				CLANG_WARN_EMPTY_BODY = YES;
				CLANG_WARN_ENUM_CONVERSION = YES;
				CLANG_WARN_INFINITE_RECURSION = YES;
				CLANG_WARN_INT_CONVERSION = YES;
				CLANG_WARN_NON_LITERAL_NULL_CONVERSION = YES;
				CLANG_WARN_OBJC_IMPLICIT_RETAIN_SELF = YES;
				CLANG_WARN_OBJC_LITERAL_CONVERSION = YES;
				CLANG_WARN_OBJC_ROOT_CLASS = YES_ERROR;
				CLANG_WARN_RANGE_LOOP_ANALYSIS = YES;
				CLANG_WARN_STRICT_PROTOTYPES = YES;
				CLANG_WARN_SUSPICIOUS_MOVE = YES;
				CLANG_WARN_UNGUARDED_AVAILABILITY = YES_AGGRESSIVE;
				CLANG_WARN_UNREACHABLE_CODE = YES;
				CLANG_WARN__DUPLICATE_METHOD_MATCH = YES;
				CODE_SIGN_IDENTITY = "iPhone Developer";
				COPY_PHASE_STRIP = NO;
				DEBUG_INFORMATION_FORMAT = "dwarf-with-dsym";
				ENABLE_NS_ASSERTIONS = NO;
				ENABLE_STRICT_OBJC_MSGSEND = YES;
				GCC_C_LANGUAGE_STANDARD = gnu11;
				GCC_NO_COMMON_BLOCKS = YES;
				GCC_WARN_64_TO_32_BIT_CONVERSION = YES;
				GCC_WARN_ABOUT_RETURN_TYPE = YES_ERROR;
				GCC_WARN_UNDECLARED_SELECTOR = YES;
				GCC_WARN_UNINITIALIZED_AUTOS = YES_AGGRESSIVE;
				GCC_WARN_UNUSED_FUNCTION = YES;
				GCC_WARN_UNUSED_VARIABLE = YES;
				IPHONEOS_DEPLOYMENT_TARGET = 12.0;
				MTL_ENABLE_DEBUG_INFO = NO;
				MTL_FAST_MATH = YES;
				SDKROOT = iphoneos;
				SWIFT_COMPILATION_MODE = wholemodule;
				SWIFT_OPTIMIZATION_LEVEL = "-O";
				VALIDATE_PRODUCT = YES;
			};
			name = Release;
		};
		810D9DA6218A568400606C06 /* Debug */ = {
			isa = XCBuildConfiguration;
			buildSettings = {
				ASSETCATALOG_COMPILER_APPICON_NAME = AppIcon;
				CODE_SIGN_STYLE = Automatic;
				DEVELOPMENT_TEAM = PNZ44GM75Q;
				INFOPLIST_FILE = Grailed_Exercise/Info.plist;
				LD_RUNPATH_SEARCH_PATHS = (
					"$(inherited)",
					"@executable_path/Frameworks",
				);
				PRODUCT_BUNDLE_IDENTIFIER = "nyc.c4q.AC4.3.Grailed-Exercise";
				PRODUCT_NAME = "$(TARGET_NAME)";
				SWIFT_VERSION = 4.2;
				TARGETED_DEVICE_FAMILY = "1,2";
			};
			name = Debug;
		};
		810D9DA7218A568400606C06 /* Release */ = {
			isa = XCBuildConfiguration;
			buildSettings = {
				ASSETCATALOG_COMPILER_APPICON_NAME = AppIcon;
				CODE_SIGN_STYLE = Automatic;
				DEVELOPMENT_TEAM = PNZ44GM75Q;
				INFOPLIST_FILE = Grailed_Exercise/Info.plist;
				LD_RUNPATH_SEARCH_PATHS = (
					"$(inherited)",
					"@executable_path/Frameworks",
				);
				PRODUCT_BUNDLE_IDENTIFIER = "nyc.c4q.AC4.3.Grailed-Exercise";
				PRODUCT_NAME = "$(TARGET_NAME)";
				SWIFT_VERSION = 4.2;
				TARGETED_DEVICE_FAMILY = "1,2";
			};
			name = Release;
		};
		810D9DA9218A568400606C06 /* Debug */ = {
			isa = XCBuildConfiguration;
			buildSettings = {
				ALWAYS_EMBED_SWIFT_STANDARD_LIBRARIES = YES;
				BUNDLE_LOADER = "$(TEST_HOST)";
				CODE_SIGN_STYLE = Automatic;
				DEVELOPMENT_TEAM = PNZ44GM75Q;
				INFOPLIST_FILE = Grailed_ExerciseTests/Info.plist;
				LD_RUNPATH_SEARCH_PATHS = (
					"$(inherited)",
					"@executable_path/Frameworks",
					"@loader_path/Frameworks",
				);
				PRODUCT_BUNDLE_IDENTIFIER = "nyc.c4q.AC4.3.Grailed-ExerciseTests";
				PRODUCT_NAME = "$(TARGET_NAME)";
				SWIFT_VERSION = 4.2;
				TARGETED_DEVICE_FAMILY = "1,2";
				TEST_HOST = "$(BUILT_PRODUCTS_DIR)/Grailed_Exercise.app/Grailed_Exercise";
			};
			name = Debug;
		};
		810D9DAA218A568400606C06 /* Release */ = {
			isa = XCBuildConfiguration;
			buildSettings = {
				ALWAYS_EMBED_SWIFT_STANDARD_LIBRARIES = YES;
				BUNDLE_LOADER = "$(TEST_HOST)";
				CODE_SIGN_STYLE = Automatic;
				DEVELOPMENT_TEAM = PNZ44GM75Q;
				INFOPLIST_FILE = Grailed_ExerciseTests/Info.plist;
				LD_RUNPATH_SEARCH_PATHS = (
					"$(inherited)",
					"@executable_path/Frameworks",
					"@loader_path/Frameworks",
				);
				PRODUCT_BUNDLE_IDENTIFIER = "nyc.c4q.AC4.3.Grailed-ExerciseTests";
				PRODUCT_NAME = "$(TARGET_NAME)";
				SWIFT_VERSION = 4.2;
				TARGETED_DEVICE_FAMILY = "1,2";
				TEST_HOST = "$(BUILT_PRODUCTS_DIR)/Grailed_Exercise.app/Grailed_Exercise";
			};
			name = Release;
		};
		810D9DAC218A568400606C06 /* Debug */ = {
			isa = XCBuildConfiguration;
			buildSettings = {
				ALWAYS_EMBED_SWIFT_STANDARD_LIBRARIES = YES;
				CODE_SIGN_STYLE = Automatic;
				DEVELOPMENT_TEAM = PNZ44GM75Q;
				INFOPLIST_FILE = Grailed_ExerciseUITests/Info.plist;
				LD_RUNPATH_SEARCH_PATHS = (
					"$(inherited)",
					"@executable_path/Frameworks",
					"@loader_path/Frameworks",
				);
				PRODUCT_BUNDLE_IDENTIFIER = "nyc.c4q.AC4.3.Grailed-ExerciseUITests";
				PRODUCT_NAME = "$(TARGET_NAME)";
				SWIFT_VERSION = 4.2;
				TARGETED_DEVICE_FAMILY = "1,2";
				TEST_TARGET_NAME = Grailed_Exercise;
			};
			name = Debug;
		};
		810D9DAD218A568400606C06 /* Release */ = {
			isa = XCBuildConfiguration;
			buildSettings = {
				ALWAYS_EMBED_SWIFT_STANDARD_LIBRARIES = YES;
				CODE_SIGN_STYLE = Automatic;
				DEVELOPMENT_TEAM = PNZ44GM75Q;
				INFOPLIST_FILE = Grailed_ExerciseUITests/Info.plist;
				LD_RUNPATH_SEARCH_PATHS = (
					"$(inherited)",
					"@executable_path/Frameworks",
					"@loader_path/Frameworks",
				);
				PRODUCT_BUNDLE_IDENTIFIER = "nyc.c4q.AC4.3.Grailed-ExerciseUITests";
				PRODUCT_NAME = "$(TARGET_NAME)";
				SWIFT_VERSION = 4.2;
				TARGETED_DEVICE_FAMILY = "1,2";
				TEST_TARGET_NAME = Grailed_Exercise;
			};
			name = Release;
		};
/* End XCBuildConfiguration section */

/* Begin XCConfigurationList section */
		810D9D78218A568300606C06 /* Build configuration list for PBXProject "Grailed_Exercise" */ = {
			isa = XCConfigurationList;
			buildConfigurations = (
				810D9DA3218A568400606C06 /* Debug */,
				810D9DA4218A568400606C06 /* Release */,
			);
			defaultConfigurationIsVisible = 0;
			defaultConfigurationName = Release;
		};
		810D9DA5218A568400606C06 /* Build configuration list for PBXNativeTarget "Grailed_Exercise" */ = {
			isa = XCConfigurationList;
			buildConfigurations = (
				810D9DA6218A568400606C06 /* Debug */,
				810D9DA7218A568400606C06 /* Release */,
			);
			defaultConfigurationIsVisible = 0;
			defaultConfigurationName = Release;
		};
		810D9DA8218A568400606C06 /* Build configuration list for PBXNativeTarget "Grailed_ExerciseTests" */ = {
			isa = XCConfigurationList;
			buildConfigurations = (
				810D9DA9218A568400606C06 /* Debug */,
				810D9DAA218A568400606C06 /* Release */,
			);
			defaultConfigurationIsVisible = 0;
			defaultConfigurationName = Release;
		};
		810D9DAB218A568400606C06 /* Build configuration list for PBXNativeTarget "Grailed_ExerciseUITests" */ = {
			isa = XCConfigurationList;
			buildConfigurations = (
				810D9DAC218A568400606C06 /* Debug */,
				810D9DAD218A568400606C06 /* Release */,
			);
			defaultConfigurationIsVisible = 0;
			defaultConfigurationName = Release;
		};
/* End XCConfigurationList section */
	};
	rootObject = 810D9D75218A568300606C06 /* Project object */;
}
